
Microsoft Visual Studio Solution File, Format Version 12.00
# Visual Studio Version 16
VisualStudioVersion = 16.0.30503.244
MinimumVisualStudioVersion = 10.0.40219.1
Project("{FAE04EC0-301F-11D3-BF4B-00C04F79EFBC}") = "CatalogoVenta", "CatalogoVenta\CatalogoVenta.csproj", "{A0C22F94-84BD-4DC3-9FC4-76B3D5A2F5D3}"
EndProject
Project("{FAE04EC0-301F-11D3-BF4B-00C04F79EFBC}") = "Model", "Model\Model.csproj", "{AF5F2EE5-352B-4E09-9DA6-DD004545A3A3}"
EndProject
Project("{FAE04EC0-301F-11D3-BF4B-00C04F79EFBC}") = "Domain", "Domain\Domain.csproj", "{B2D24863-3702-4248-B403-8ED7009E077C}"
EndProject
Global
	GlobalSection(SolutionConfigurationPlatforms) = preSolution
		Debug|Any CPU = Debug|Any CPU
		Release|Any CPU = Release|Any CPU
	EndGlobalSection
	GlobalSection(ProjectConfigurationPlatforms) = postSolution
		{A0C22F94-84BD-4DC3-9FC4-76B3D5A2F5D3}.Debug|Any CPU.ActiveCfg = Debug|Any CPU
		{A0C22F94-84BD-4DC3-9FC4-76B3D5A2F5D3}.Debug|Any CPU.Build.0 = Debug|Any CPU
		{A0C22F94-84BD-4DC3-9FC4-76B3D5A2F5D3}.Release|Any CPU.ActiveCfg = Release|Any CPU
		{A0C22F94-84BD-4DC3-9FC4-76B3D5A2F5D3}.Release|Any CPU.Build.0 = Release|Any CPU
		{AF5F2EE5-352B-4E09-9DA6-DD004545A3A3}.Debug|Any CPU.ActiveCfg = Debug|Any CPU
		{AF5F2EE5-352B-4E09-9DA6-DD004545A3A3}.Debug|Any CPU.Build.0 = Debug|Any CPU
		{AF5F2EE5-352B-4E09-9DA6-DD004545A3A3}.Release|Any CPU.ActiveCfg = Release|Any CPU
		{AF5F2EE5-352B-4E09-9DA6-DD004545A3A3}.Release|Any CPU.Build.0 = Release|Any CPU
		{B2D24863-3702-4248-B403-8ED7009E077C}.Debug|Any CPU.ActiveCfg = Debug|Any CPU
		{B2D24863-3702-4248-B403-8ED7009E077C}.Debug|Any CPU.Build.0 = Debug|Any CPU
		{B2D24863-3702-4248-B403-8ED7009E077C}.Release|Any CPU.ActiveCfg = Release|Any CPU
		{B2D24863-3702-4248-B403-8ED7009E077C}.Release|Any CPU.Build.0 = Release|Any CPU
	EndGlobalSection
	GlobalSection(SolutionProperties) = preSolution
		HideSolutionNode = FALSE
	EndGlobalSection
	GlobalSection(ExtensibilityGlobals) = postSolution
		SolutionGuid = {C50F36A9-8C24-40B9-8756-30F54D47B5EE}
	EndGlobalSection
EndGlobal
